
Microsoft Visual Studio Solution File, Format Version 12.00
# Visual Studio 15
VisualStudioVersion = 15.0.26730.15
MinimumVisualStudioVersion = 10.0.40219.1
Project("{FAE04EC0-301F-11D3-BF4B-00C04F79EFBC}") = "01. DefineClassPerson", "DB-DefiningClassesExercises\01. DefineClassPerson.csproj", "{8F887A14-EB7C-463B-AB8B-2819E3C60349}"
EndProject
Project("{FAE04EC0-301F-11D3-BF4B-00C04F79EFBC}") = "02.CreatingConstructors", "CreatingConstructors\02.CreatingConstructors.csproj", "{A05665A0-0765-4FE9-94E8-415B743564E8}"
EndProject
Project("{FAE04EC0-301F-11D3-BF4B-00C04F79EFBC}") = "03. OpinionPoll", "03. OpinionPoll\03. OpinionPoll.csproj", "{5F87D179-33FE-4BA1-B9A0-9350F43817AA}"
EndProject
Project("{FAE04EC0-301F-11D3-BF4B-00C04F79EFBC}") = "04. SpeedRacing", "04. SpeedRacing\04. SpeedRacing.csproj", "{E290558C-3091-4FD2-BAAE-104BAE50238D}"
EndProject
Project("{FAE04EC0-301F-11D3-BF4B-00C04F79EFBC}") = "05. CompanyRoster", "05. CompanyRoster\05. CompanyRoster.csproj", "{5626C333-F031-4DA8-9843-D70CC616629E}"
EndProject
Global
	GlobalSection(SolutionConfigurationPlatforms) = preSolution
		Debug|Any CPU = Debug|Any CPU
		Release|Any CPU = Release|Any CPU
	EndGlobalSection
	GlobalSection(ProjectConfigurationPlatforms) = postSolution
		{8F887A14-EB7C-463B-AB8B-2819E3C60349}.Debug|Any CPU.ActiveCfg = Debug|Any CPU
		{8F887A14-EB7C-463B-AB8B-2819E3C60349}.Debug|Any CPU.Build.0 = Debug|Any CPU
		{8F887A14-EB7C-463B-AB8B-2819E3C60349}.Release|Any CPU.ActiveCfg = Release|Any CPU
		{8F887A14-EB7C-463B-AB8B-2819E3C60349}.Release|Any CPU.Build.0 = Release|Any CPU
		{A05665A0-0765-4FE9-94E8-415B743564E8}.Debug|Any CPU.ActiveCfg = Debug|Any CPU
		{A05665A0-0765-4FE9-94E8-415B743564E8}.Debug|Any CPU.Build.0 = Debug|Any CPU
		{A05665A0-0765-4FE9-94E8-415B743564E8}.Release|Any CPU.ActiveCfg = Release|Any CPU
		{A05665A0-0765-4FE9-94E8-415B743564E8}.Release|Any CPU.Build.0 = Release|Any CPU
		{5F87D179-33FE-4BA1-B9A0-9350F43817AA}.Debug|Any CPU.ActiveCfg = Debug|Any CPU
		{5F87D179-33FE-4BA1-B9A0-9350F43817AA}.Debug|Any CPU.Build.0 = Debug|Any CPU
		{5F87D179-33FE-4BA1-B9A0-9350F43817AA}.Release|Any CPU.ActiveCfg = Release|Any CPU
		{5F87D179-33FE-4BA1-B9A0-9350F43817AA}.Release|Any CPU.Build.0 = Release|Any CPU
		{E290558C-3091-4FD2-BAAE-104BAE50238D}.Debug|Any CPU.ActiveCfg = Debug|Any CPU
		{E290558C-3091-4FD2-BAAE-104BAE50238D}.Debug|Any CPU.Build.0 = Debug|Any CPU
		{E290558C-3091-4FD2-BAAE-104BAE50238D}.Release|Any CPU.ActiveCfg = Release|Any CPU
		{E290558C-3091-4FD2-BAAE-104BAE50238D}.Release|Any CPU.Build.0 = Release|Any CPU
		{5626C333-F031-4DA8-9843-D70CC616629E}.Debug|Any CPU.ActiveCfg = Debug|Any CPU
		{5626C333-F031-4DA8-9843-D70CC616629E}.Debug|Any CPU.Build.0 = Debug|Any CPU
		{5626C333-F031-4DA8-9843-D70CC616629E}.Release|Any CPU.ActiveCfg = Release|Any CPU
		{5626C333-F031-4DA8-9843-D70CC616629E}.Release|Any CPU.Build.0 = Release|Any CPU
	EndGlobalSection
	GlobalSection(SolutionProperties) = preSolution
		HideSolutionNode = FALSE
	EndGlobalSection
	GlobalSection(ExtensibilityGlobals) = postSolution
		SolutionGuid = {CE318C7D-3C85-4A95-8386-147630FB83D6}
	EndGlobalSection
EndGlobal
